
Microsoft Visual Studio Solution File, Format Version 12.00
# Visual Studio Version 16
VisualStudioVersion = 16.0.30717.126
MinimumVisualStudioVersion = 10.0.40219.1
Project("{9A19103F-16F7-4668-BE54-9A1E7A4F7556}") = "TrafiTrack.ConsoleApp", "TrafiTrack.ConsoleApp.csproj", "{9CCD6592-3F90-462E-84E2-A9043E20600D}"
EndProject
Project("{FAE04EC0-301F-11D3-BF4B-00C04F79EFBC}") = "TrafiTrack.Lib", "..\TrafiTrack.Lib\TrafiTrack.Lib.csproj", "{FF22BD09-1E3B-466B-A389-E054F0D83A04}"
EndProject
Global
	GlobalSection(SolutionConfigurationPlatforms) = preSolution
		Debug|Any CPU = Debug|Any CPU
		Release|Any CPU = Release|Any CPU
	EndGlobalSection
	GlobalSection(ProjectConfigurationPlatforms) = postSolution
		{9CCD6592-3F90-462E-84E2-A9043E20600D}.Debug|Any CPU.ActiveCfg = Debug|Any CPU
		{9CCD6592-3F90-462E-84E2-A9043E20600D}.Debug|Any CPU.Build.0 = Debug|Any CPU
		{9CCD6592-3F90-462E-84E2-A9043E20600D}.Release|Any CPU.ActiveCfg = Release|Any CPU
		{9CCD6592-3F90-462E-84E2-A9043E20600D}.Release|Any CPU.Build.0 = Release|Any CPU
		{FF22BD09-1E3B-466B-A389-E054F0D83A04}.Debug|Any CPU.ActiveCfg = Debug|Any CPU
		{FF22BD09-1E3B-466B-A389-E054F0D83A04}.Debug|Any CPU.Build.0 = Debug|Any CPU
		{FF22BD09-1E3B-466B-A389-E054F0D83A04}.Release|Any CPU.ActiveCfg = Release|Any CPU
		{FF22BD09-1E3B-466B-A389-E054F0D83A04}.Release|Any CPU.Build.0 = Release|Any CPU
	EndGlobalSection
	GlobalSection(SolutionProperties) = preSolution
		HideSolutionNode = FALSE
	EndGlobalSection
	GlobalSection(ExtensibilityGlobals) = postSolution
		SolutionGuid = {5A38C349-8A32-48D0-A6B6-8A6DECD0FD09}
	EndGlobalSection
EndGlobal
